
Microsoft Visual Studio Solution File, Format Version 12.00
# Visual Studio 15
VisualStudioVersion = 15.0.28307.757
MinimumVisualStudioVersion = 10.0.40219.1
Project("{FAE04EC0-301F-11D3-BF4B-00C04F79EFBC}") = "RegexSampleApp", "RegexSampleApp.csproj", "{6F722B93-8EF6-4F64-AF05-A762C18CC834}"
EndProject
Project("{FAE04EC0-301F-11D3-BF4B-00C04F79EFBC}") = "RegexSampleAppTests", "RegexSampleAppTests\RegexSampleAppTests.csproj", "{D2B19A7E-51B6-49E1-AB29-1DFD5BF43E68}"
EndProject
Global
	GlobalSection(SolutionConfigurationPlatforms) = preSolution
		Debug|Any CPU = Debug|Any CPU
		Release|Any CPU = Release|Any CPU
	EndGlobalSection
	GlobalSection(ProjectConfigurationPlatforms) = postSolution
		{6F722B93-8EF6-4F64-AF05-A762C18CC834}.Debug|Any CPU.ActiveCfg = Debug|Any CPU
		{6F722B93-8EF6-4F64-AF05-A762C18CC834}.Debug|Any CPU.Build.0 = Debug|Any CPU
		{6F722B93-8EF6-4F64-AF05-A762C18CC834}.Release|Any CPU.ActiveCfg = Release|Any CPU
		{6F722B93-8EF6-4F64-AF05-A762C18CC834}.Release|Any CPU.Build.0 = Release|Any CPU
		{D2B19A7E-51B6-49E1-AB29-1DFD5BF43E68}.Debug|Any CPU.ActiveCfg = Debug|Any CPU
		{D2B19A7E-51B6-49E1-AB29-1DFD5BF43E68}.Debug|Any CPU.Build.0 = Debug|Any CPU
		{D2B19A7E-51B6-49E1-AB29-1DFD5BF43E68}.Release|Any CPU.ActiveCfg = Release|Any CPU
		{D2B19A7E-51B6-49E1-AB29-1DFD5BF43E68}.Release|Any CPU.Build.0 = Release|Any CPU
	EndGlobalSection
	GlobalSection(SolutionProperties) = preSolution
		HideSolutionNode = FALSE
	EndGlobalSection
	GlobalSection(ExtensibilityGlobals) = postSolution
		SolutionGuid = {38746066-9525-4F3B-B957-7606E35B2D1F}
	EndGlobalSection
EndGlobal
